
Microsoft Visual Studio Solution File, Format Version 12.00
# Visual Studio Version 16
VisualStudioVersion = 16.0.32002.261
MinimumVisualStudioVersion = 10.0.40219.1
Project("{FAE04EC0-301F-11D3-BF4B-00C04F79EFBC}") = "UniversityDatabase", "UniversityDatabase\UniversityDatabase.csproj", "{119EB3A8-EB55-4F19-87E6-5F66103BE934}"
EndProject
Global
	GlobalSection(SolutionConfigurationPlatforms) = preSolution
		Debug|Any CPU = Debug|Any CPU
		Release|Any CPU = Release|Any CPU
	EndGlobalSection
	GlobalSection(ProjectConfigurationPlatforms) = postSolution
		{119EB3A8-EB55-4F19-87E6-5F66103BE934}.Debug|Any CPU.ActiveCfg = Debug|Any CPU
		{119EB3A8-EB55-4F19-87E6-5F66103BE934}.Debug|Any CPU.Build.0 = Debug|Any CPU
		{119EB3A8-EB55-4F19-87E6-5F66103BE934}.Release|Any CPU.ActiveCfg = Release|Any CPU
		{119EB3A8-EB55-4F19-87E6-5F66103BE934}.Release|Any CPU.Build.0 = Release|Any CPU
	EndGlobalSection
	GlobalSection(SolutionProperties) = preSolution
		HideSolutionNode = FALSE
	EndGlobalSection
	GlobalSection(ExtensibilityGlobals) = postSolution
		SolutionGuid = {8F570F2F-14AD-42FE-BBAE-46C3D43808C4}
	EndGlobalSection
EndGlobal
